// !$*UTF8*$!
{
	archiveVersion = 1;
	classes = {
	};
	objectVersion = 77;
	objects = {

/* Begin PBXBuildFile section */
		159A5CF92D072F090056003D /* SMSFilterExtension.appex in Embed Foundation Extensions */ = {isa = PBXBuildFile; fileRef = 159A5CF22D072F090056003D /* SMSFilterExtension.appex */; settings = {ATTRIBUTES = (RemoveHeadersOnCopy, ); }; };
		15A31F6E2D0C39E700FF911E /* PseudoBrowser.appex in Embed Foundation Extensions */ = {isa = PBXBuildFile; fileRef = 15A31F652D0C39E700FF911E /* PseudoBrowser.appex */; settings = {ATTRIBUTES = (RemoveHeadersOnCopy, ); }; };
/* End PBXBuildFile section */

/* Begin PBXContainerItemProxy section */
		159A5CF72D072F090056003D /* PBXContainerItemProxy */ = {
			isa = PBXContainerItemProxy;
			containerPortal = 159A5CCE2D072ECA0056003D /* Project object */;
			proxyType = 1;
			remoteGlobalIDString = 159A5CF12D072F090056003D;
			remoteInfo = SMSFilterExtension;
		};
		15A31F6C2D0C39E700FF911E /* PBXContainerItemProxy */ = {
			isa = PBXContainerItemProxy;
			containerPortal = 159A5CCE2D072ECA0056003D /* Project object */;
			proxyType = 1;
			remoteGlobalIDString = 15A31F642D0C39E700FF911E;
			remoteInfo = PseudoBrowser;
		};
/* End PBXContainerItemProxy section */

/* Begin PBXCopyFilesBuildPhase section */
		159A5CFE2D072F090056003D /* Embed Foundation Extensions */ = {
			isa = PBXCopyFilesBuildPhase;
			buildActionMask = 2147483647;
			dstPath = "";
			dstSubfolderSpec = 13;
			files = (
				159A5CF92D072F090056003D /* SMSFilterExtension.appex in Embed Foundation Extensions */,
				15A31F6E2D0C39E700FF911E /* PseudoBrowser.appex in Embed Foundation Extensions */,
			);
			name = "Embed Foundation Extensions";
			runOnlyForDeploymentPostprocessing = 0;
		};
/* End PBXCopyFilesBuildPhase section */

/* Begin PBXFileReference section */
		159A5CD62D072ECA0056003D /* PhishingProtector.app */ = {isa = PBXFileReference; explicitFileType = wrapper.application; includeInIndex = 0; path = PhishingProtector.app; sourceTree = BUILT_PRODUCTS_DIR; };
		159A5CF22D072F090056003D /* SMSFilterExtension.appex */ = {isa = PBXFileReference; explicitFileType = "wrapper.app-extension"; includeInIndex = 0; path = SMSFilterExtension.appex; sourceTree = BUILT_PRODUCTS_DIR; };
		15A31F652D0C39E700FF911E /* PseudoBrowser.appex */ = {isa = PBXFileReference; explicitFileType = "wrapper.app-extension"; includeInIndex = 0; path = PseudoBrowser.appex; sourceTree = BUILT_PRODUCTS_DIR; };
/* End PBXFileReference section */

/* Begin PBXFileSystemSynchronizedBuildFileExceptionSet section */
		159A5CE82D072ECB0056003D /* Exceptions for "PhishingProtector" folder in "PhishingProtector" target */ = {
			isa = PBXFileSystemSynchronizedBuildFileExceptionSet;
			membershipExceptions = (
				Info.plist,
			);
			target = 159A5CD52D072ECA0056003D /* PhishingProtector */;
		};
		159A5CFD2D072F090056003D /* Exceptions for "SMSFilterExtension" folder in "SMSFilterExtension" target */ = {
			isa = PBXFileSystemSynchronizedBuildFileExceptionSet;
			membershipExceptions = (
				Info.plist,
			);
			target = 159A5CF12D072F090056003D /* SMSFilterExtension */;
		};
		159A5D1B2D099E340056003D /* Exceptions for "PhishingProtector" folder in "SMSFilterExtension" target */ = {
			isa = PBXFileSystemSynchronizedBuildFileExceptionSet;
			membershipExceptions = (
				Phishing/Data/ContentBlockerRule.swift,
				Phishing/Data/PhishingCache.swift,
				Phishing/Data/PhishingDomain.swift,
				Phishing/PhishingFactory.swift,
				Utils/Logger/Logger.swift,
			);
			target = 159A5CF12D072F090056003D /* SMSFilterExtension */;
		};
		15A31F722D0C39E700FF911E /* Exceptions for "PseudoBrowser" folder in "PseudoBrowser" target */ = {
			isa = PBXFileSystemSynchronizedBuildFileExceptionSet;
			membershipExceptions = (
				Info.plist,
			);
			target = 15A31F642D0C39E700FF911E /* PseudoBrowser */;
		};
		15A31F7E2D0C454900FF911E /* Exceptions for "PhishingProtector" folder in "PseudoBrowser" target */ = {
			isa = PBXFileSystemSynchronizedBuildFileExceptionSet;
			membershipExceptions = (
				Phishing/Data/ContentBlockerRule.swift,
				Phishing/Data/PhishingCache.swift,
				Phishing/Data/PhishingDomain.swift,
				Phishing/PhishingFactory.swift,
				Utils/Logger/Logger.swift,
			);
			target = 15A31F642D0C39E700FF911E /* PseudoBrowser */;
		};
/* End PBXFileSystemSynchronizedBuildFileExceptionSet section */

/* Begin PBXFileSystemSynchronizedRootGroup section */
		159A5CD82D072ECA0056003D /* PhishingProtector */ = {
			isa = PBXFileSystemSynchronizedRootGroup;
			exceptions = (
				159A5CE82D072ECB0056003D /* Exceptions for "PhishingProtector" folder in "PhishingProtector" target */,
				159A5D1B2D099E340056003D /* Exceptions for "PhishingProtector" folder in "SMSFilterExtension" target */,
				15A31F7E2D0C454900FF911E /* Exceptions for "PhishingProtector" folder in "PseudoBrowser" target */,
			);
			path = PhishingProtector;
			sourceTree = "<group>";
		};
		159A5CF32D072F090056003D /* SMSFilterExtension */ = {
			isa = PBXFileSystemSynchronizedRootGroup;
			exceptions = (
				159A5CFD2D072F090056003D /* Exceptions for "SMSFilterExtension" folder in "SMSFilterExtension" target */,
			);
			path = SMSFilterExtension;
			sourceTree = "<group>";
		};
		15A31F662D0C39E700FF911E /* PseudoBrowser */ = {
			isa = PBXFileSystemSynchronizedRootGroup;
			exceptions = (
				15A31F722D0C39E700FF911E /* Exceptions for "PseudoBrowser" folder in "PseudoBrowser" target */,
			);
			path = PseudoBrowser;
			sourceTree = "<group>";
		};
/* End PBXFileSystemSynchronizedRootGroup section */

/* Begin PBXFrameworksBuildPhase section */
		159A5CD32D072ECA0056003D /* Frameworks */ = {
			isa = PBXFrameworksBuildPhase;
			buildActionMask = 2147483647;
			files = (
			);
			runOnlyForDeploymentPostprocessing = 0;
		};
		159A5CEF2D072F090056003D /* Frameworks */ = {
			isa = PBXFrameworksBuildPhase;
			buildActionMask = 2147483647;
			files = (
			);
			runOnlyForDeploymentPostprocessing = 0;
		};
		15A31F622D0C39E700FF911E /* Frameworks */ = {
			isa = PBXFrameworksBuildPhase;
			buildActionMask = 2147483647;
			files = (
			);
			runOnlyForDeploymentPostprocessing = 0;
		};
/* End PBXFrameworksBuildPhase section */

/* Begin PBXGroup section */
		159A5CCD2D072ECA0056003D = {
			isa = PBXGroup;
			children = (
				159A5CD82D072ECA0056003D /* PhishingProtector */,
				159A5CF32D072F090056003D /* SMSFilterExtension */,
				15A31F662D0C39E700FF911E /* PseudoBrowser */,
				159A5CD72D072ECA0056003D /* Products */,
			);
			sourceTree = "<group>";
		};
		159A5CD72D072ECA0056003D /* Products */ = {
			isa = PBXGroup;
			children = (
				159A5CD62D072ECA0056003D /* PhishingProtector.app */,
				159A5CF22D072F090056003D /* SMSFilterExtension.appex */,
				15A31F652D0C39E700FF911E /* PseudoBrowser.appex */,
			);
			name = Products;
			sourceTree = "<group>";
		};
/* End PBXGroup section */

/* Begin PBXNativeTarget section */
		159A5CD52D072ECA0056003D /* PhishingProtector */ = {
			isa = PBXNativeTarget;
			buildConfigurationList = 159A5CE92D072ECB0056003D /* Build configuration list for PBXNativeTarget "PhishingProtector" */;
			buildPhases = (
				159A5CD22D072ECA0056003D /* Sources */,
				159A5CD32D072ECA0056003D /* Frameworks */,
				159A5CD42D072ECA0056003D /* Resources */,
				159A5CFE2D072F090056003D /* Embed Foundation Extensions */,
			);
			buildRules = (
			);
			dependencies = (
				159A5CF82D072F090056003D /* PBXTargetDependency */,
				15A31F6D2D0C39E700FF911E /* PBXTargetDependency */,
			);
			fileSystemSynchronizedGroups = (
				159A5CD82D072ECA0056003D /* PhishingProtector */,
			);
			name = PhishingProtector;
			packageProductDependencies = (
			);
			productName = SMSFiltering;
			productReference = 159A5CD62D072ECA0056003D /* PhishingProtector.app */;
			productType = "com.apple.product-type.application";
		};
		159A5CF12D072F090056003D /* SMSFilterExtension */ = {
			isa = PBXNativeTarget;
			buildConfigurationList = 159A5CFA2D072F090056003D /* Build configuration list for PBXNativeTarget "SMSFilterExtension" */;
			buildPhases = (
				159A5CEE2D072F090056003D /* Sources */,
				159A5CEF2D072F090056003D /* Frameworks */,
				159A5CF02D072F090056003D /* Resources */,
			);
			buildRules = (
			);
			dependencies = (
			);
			fileSystemSynchronizedGroups = (
				159A5CF32D072F090056003D /* SMSFilterExtension */,
			);
			name = SMSFilterExtension;
			packageProductDependencies = (
			);
			productName = SMSFilterExtension;
			productReference = 159A5CF22D072F090056003D /* SMSFilterExtension.appex */;
			productType = "com.apple.product-type.app-extension";
		};
		15A31F642D0C39E700FF911E /* PseudoBrowser */ = {
			isa = PBXNativeTarget;
			buildConfigurationList = 15A31F712D0C39E700FF911E /* Build configuration list for PBXNativeTarget "PseudoBrowser" */;
			buildPhases = (
				15A31F612D0C39E700FF911E /* Sources */,
				15A31F622D0C39E700FF911E /* Frameworks */,
				15A31F632D0C39E700FF911E /* Resources */,
			);
			buildRules = (
			);
			dependencies = (
			);
			fileSystemSynchronizedGroups = (
				15A31F662D0C39E700FF911E /* PseudoBrowser */,
			);
			name = PseudoBrowser;
			packageProductDependencies = (
			);
			productName = PseudoBrowser;
			productReference = 15A31F652D0C39E700FF911E /* PseudoBrowser.appex */;
			productType = "com.apple.product-type.app-extension";
		};
/* End PBXNativeTarget section */

/* Begin PBXProject section */
		159A5CCE2D072ECA0056003D /* Project object */ = {
			isa = PBXProject;
			attributes = {
				BuildIndependentTargetsInParallel = 1;
				LastSwiftUpdateCheck = 1610;
				LastUpgradeCheck = 1610;
				TargetAttributes = {
					159A5CD52D072ECA0056003D = {
						CreatedOnToolsVersion = 16.1;
					};
					159A5CF12D072F090056003D = {
						CreatedOnToolsVersion = 16.1;
					};
					15A31F642D0C39E700FF911E = {
						CreatedOnToolsVersion = 16.1;
					};
				};
			};
			buildConfigurationList = 159A5CD12D072ECA0056003D /* Build configuration list for PBXProject "PhishingProtector" */;
			developmentRegion = en;
			hasScannedForEncodings = 0;
			knownRegions = (
				en,
				Base,
			);
			mainGroup = 159A5CCD2D072ECA0056003D;
			minimizedProjectReferenceProxies = 1;
			preferredProjectObjectVersion = 77;
			productRefGroup = 159A5CD72D072ECA0056003D /* Products */;
			projectDirPath = "";
			projectRoot = "";
			targets = (
				159A5CD52D072ECA0056003D /* PhishingProtector */,
				159A5CF12D072F090056003D /* SMSFilterExtension */,
				15A31F642D0C39E700FF911E /* PseudoBrowser */,
			);
		};
/* End PBXProject section */

/* Begin PBXResourcesBuildPhase section */
		159A5CD42D072ECA0056003D /* Resources */ = {
			isa = PBXResourcesBuildPhase;
			buildActionMask = 2147483647;
			files = (
			);
			runOnlyForDeploymentPostprocessing = 0;
		};
		159A5CF02D072F090056003D /* Resources */ = {
			isa = PBXResourcesBuildPhase;
			buildActionMask = 2147483647;
			files = (
			);
			runOnlyForDeploymentPostprocessing = 0;
		};
		15A31F632D0C39E700FF911E /* Resources */ = {
			isa = PBXResourcesBuildPhase;
			buildActionMask = 2147483647;
			files = (
			);
			runOnlyForDeploymentPostprocessing = 0;
		};
/* End PBXResourcesBuildPhase section */

/* Begin PBXSourcesBuildPhase section */
		159A5CD22D072ECA0056003D /* Sources */ = {
			isa = PBXSourcesBuildPhase;
			buildActionMask = 2147483647;
			files = (
			);
			runOnlyForDeploymentPostprocessing = 0;
		};
		159A5CEE2D072F090056003D /* Sources */ = {
			isa = PBXSourcesBuildPhase;
			buildActionMask = 2147483647;
			files = (
			);
			runOnlyForDeploymentPostprocessing = 0;
		};
		15A31F612D0C39E700FF911E /* Sources */ = {
			isa = PBXSourcesBuildPhase;
			buildActionMask = 2147483647;
			files = (
			);
			runOnlyForDeploymentPostprocessing = 0;
		};
/* End PBXSourcesBuildPhase section */

/* Begin PBXTargetDependency section */
		159A5CF82D072F090056003D /* PBXTargetDependency */ = {
			isa = PBXTargetDependency;
			target = 159A5CF12D072F090056003D /* SMSFilterExtension */;
			targetProxy = 159A5CF72D072F090056003D /* PBXContainerItemProxy */;
		};
		15A31F6D2D0C39E700FF911E /* PBXTargetDependency */ = {
			isa = PBXTargetDependency;
			target = 15A31F642D0C39E700FF911E /* PseudoBrowser */;
			targetProxy = 15A31F6C2D0C39E700FF911E /* PBXContainerItemProxy */;
		};
/* End PBXTargetDependency section */

/* Begin XCBuildConfiguration section */
		159A5CEA2D072ECB0056003D /* Debug */ = {
			isa = XCBuildConfiguration;
			buildSettings = {
				ASSETCATALOG_COMPILER_APPICON_NAME = AppIcon;
				ASSETCATALOG_COMPILER_GLOBAL_ACCENT_COLOR_NAME = AccentColor;
				CODE_SIGN_ENTITLEMENTS = PhishingProtector/PhishingProtector.entitlements;
				CODE_SIGN_IDENTITY = "Apple Development";
				CODE_SIGN_STYLE = Automatic;
				CURRENT_PROJECT_VERSION = 1;
				DEVELOPMENT_TEAM = 4D25Z5VW5F;
				GENERATE_INFOPLIST_FILE = YES;
				INFOPLIST_FILE = PhishingProtector/Info.plist;
				INFOPLIST_KEY_UIApplicationSupportsIndirectInputEvents = YES;
				INFOPLIST_KEY_UILaunchStoryboardName = LaunchScreen;
				INFOPLIST_KEY_UIMainStoryboardFile = Main;
				INFOPLIST_KEY_UISupportedInterfaceOrientations_iPad = "UIInterfaceOrientationPortrait UIInterfaceOrientationPortraitUpsideDown UIInterfaceOrientationLandscapeLeft UIInterfaceOrientationLandscapeRight";
				INFOPLIST_KEY_UISupportedInterfaceOrientations_iPhone = "UIInterfaceOrientationPortrait UIInterfaceOrientationLandscapeLeft UIInterfaceOrientationLandscapeRight";
				LD_RUNPATH_SEARCH_PATHS = (
					"$(inherited)",
					"@executable_path/Frameworks",
				);
				MARKETING_VERSION = 1.0;
				PRODUCT_BUNDLE_IDENTIFIER = com.simke.PhishingProtector;
				PRODUCT_NAME = "$(TARGET_NAME)";
				PROVISIONING_PROFILE_SPECIFIER = "";
				SWIFT_EMIT_LOC_STRINGS = YES;
				SWIFT_VERSION = 5.0;
				TARGETED_DEVICE_FAMILY = "1,2";
			};
			name = Debug;
		};
		159A5CEB2D072ECB0056003D /* Release */ = {
			isa = XCBuildConfiguration;
			buildSettings = {
				ASSETCATALOG_COMPILER_APPICON_NAME = AppIcon;
				ASSETCATALOG_COMPILER_GLOBAL_ACCENT_COLOR_NAME = AccentColor;
				CODE_SIGN_ENTITLEMENTS = PhishingProtector/PhishingProtector.entitlements;
				CODE_SIGN_IDENTITY = "Apple Development";
				CODE_SIGN_STYLE = Automatic;
				CURRENT_PROJECT_VERSION = 1;
				DEVELOPMENT_TEAM = 4D25Z5VW5F;
				GENERATE_INFOPLIST_FILE = YES;
				INFOPLIST_FILE = PhishingProtector/Info.plist;
				INFOPLIST_KEY_UIApplicationSupportsIndirectInputEvents = YES;
				INFOPLIST_KEY_UILaunchStoryboardName = LaunchScreen;
				INFOPLIST_KEY_UIMainStoryboardFile = Main;
				INFOPLIST_KEY_UISupportedInterfaceOrientations_iPad = "UIInterfaceOrientationPortrait UIInterfaceOrientationPortraitUpsideDown UIInterfaceOrientationLandscapeLeft UIInterfaceOrientationLandscapeRight";
				INFOPLIST_KEY_UISupportedInterfaceOrientations_iPhone = "UIInterfaceOrientationPortrait UIInterfaceOrientationLandscapeLeft UIInterfaceOrientationLandscapeRight";
				LD_RUNPATH_SEARCH_PATHS = (
					"$(inherited)",
					"@executable_path/Frameworks",
				);
				MARKETING_VERSION = 1.0;
				PRODUCT_BUNDLE_IDENTIFIER = com.simke.PhishingProtector;
				PRODUCT_NAME = "$(TARGET_NAME)";
				PROVISIONING_PROFILE_SPECIFIER = "";
				SWIFT_EMIT_LOC_STRINGS = YES;
				SWIFT_VERSION = 5.0;
				TARGETED_DEVICE_FAMILY = "1,2";
			};
			name = Release;
		};
		159A5CEC2D072ECB0056003D /* Debug */ = {
			isa = XCBuildConfiguration;
			buildSettings = {
				ALWAYS_SEARCH_USER_PATHS = NO;
				ASSETCATALOG_COMPILER_GENERATE_SWIFT_ASSET_SYMBOL_EXTENSIONS = YES;
				CLANG_ANALYZER_NONNULL = YES;
				CLANG_ANALYZER_NUMBER_OBJECT_CONVERSION = YES_AGGRESSIVE;
				CLANG_CXX_LANGUAGE_STANDARD = "gnu++20";
				CLANG_ENABLE_MODULES = YES;
				CLANG_ENABLE_OBJC_ARC = YES;
				CLANG_ENABLE_OBJC_WEAK = YES;
				CLANG_WARN_BLOCK_CAPTURE_AUTORELEASING = YES;
				CLANG_WARN_BOOL_CONVERSION = YES;
				CLANG_WARN_COMMA = YES;
				CLANG_WARN_CONSTANT_CONVERSION = YES;
				CLANG_WARN_DEPRECATED_OBJC_IMPLEMENTATIONS = YES;
				CLANG_WARN_DIRECT_OBJC_ISA_USAGE = YES_ERROR;
				CLANG_WARN_DOCUMENTATION_COMMENTS = YES;
				CLANG_WARN_EMPTY_BODY = YES;
				CLANG_WARN_ENUM_CONVERSION = YES;
				CLANG_WARN_INFINITE_RECURSION = YES;
				CLANG_WARN_INT_CONVERSION = YES;
				CLANG_WARN_NON_LITERAL_NULL_CONVERSION = YES;
				CLANG_WARN_OBJC_IMPLICIT_RETAIN_SELF = YES;
				CLANG_WARN_OBJC_LITERAL_CONVERSION = YES;
				CLANG_WARN_OBJC_ROOT_CLASS = YES_ERROR;
				CLANG_WARN_QUOTED_INCLUDE_IN_FRAMEWORK_HEADER = YES;
				CLANG_WARN_RANGE_LOOP_ANALYSIS = YES;
				CLANG_WARN_STRICT_PROTOTYPES = YES;
				CLANG_WARN_SUSPICIOUS_MOVE = YES;
				CLANG_WARN_UNGUARDED_AVAILABILITY = YES_AGGRESSIVE;
				CLANG_WARN_UNREACHABLE_CODE = YES;
				CLANG_WARN__DUPLICATE_METHOD_MATCH = YES;
				COPY_PHASE_STRIP = NO;
				DEBUG_INFORMATION_FORMAT = dwarf;
				ENABLE_STRICT_OBJC_MSGSEND = YES;
				ENABLE_TESTABILITY = YES;
				ENABLE_USER_SCRIPT_SANDBOXING = YES;
				GCC_C_LANGUAGE_STANDARD = gnu17;
				GCC_DYNAMIC_NO_PIC = NO;
				GCC_NO_COMMON_BLOCKS = YES;
				GCC_OPTIMIZATION_LEVEL = 0;
				GCC_PREPROCESSOR_DEFINITIONS = (
					"DEBUG=1",
					"$(inherited)",
				);
				GCC_WARN_64_TO_32_BIT_CONVERSION = YES;
				GCC_WARN_ABOUT_RETURN_TYPE = YES_ERROR;
				GCC_WARN_UNDECLARED_SELECTOR = YES;
				GCC_WARN_UNINITIALIZED_AUTOS = YES_AGGRESSIVE;
				GCC_WARN_UNUSED_FUNCTION = YES;
				GCC_WARN_UNUSED_VARIABLE = YES;
				IPHONEOS_DEPLOYMENT_TARGET = 18.1;
				LOCALIZATION_PREFERS_STRING_CATALOGS = YES;
				MTL_ENABLE_DEBUG_INFO = INCLUDE_SOURCE;
				MTL_FAST_MATH = YES;
				ONLY_ACTIVE_ARCH = YES;
				SDKROOT = iphoneos;
				SWIFT_ACTIVE_COMPILATION_CONDITIONS = "DEBUG $(inherited)";
				SWIFT_OPTIMIZATION_LEVEL = "-Onone";
			};
			name = Debug;
		};
		159A5CED2D072ECB0056003D /* Release */ = {
			isa = XCBuildConfiguration;
			buildSettings = {
				ALWAYS_SEARCH_USER_PATHS = NO;
				ASSETCATALOG_COMPILER_GENERATE_SWIFT_ASSET_SYMBOL_EXTENSIONS = YES;
				CLANG_ANALYZER_NONNULL = YES;
				CLANG_ANALYZER_NUMBER_OBJECT_CONVERSION = YES_AGGRESSIVE;
				CLANG_CXX_LANGUAGE_STANDARD = "gnu++20";
				CLANG_ENABLE_MODULES = YES;
				CLANG_ENABLE_OBJC_ARC = YES;
				CLANG_ENABLE_OBJC_WEAK = YES;
				CLANG_WARN_BLOCK_CAPTURE_AUTORELEASING = YES;
				CLANG_WARN_BOOL_CONVERSION = YES;
				CLANG_WARN_COMMA = YES;
				CLANG_WARN_CONSTANT_CONVERSION = YES;
				CLANG_WARN_DEPRECATED_OBJC_IMPLEMENTATIONS = YES;
				CLANG_WARN_DIRECT_OBJC_ISA_USAGE = YES_ERROR;
				CLANG_WARN_DOCUMENTATION_COMMENTS = YES;
				CLANG_WARN_EMPTY_BODY = YES;
				CLANG_WARN_ENUM_CONVERSION = YES;
				CLANG_WARN_INFINITE_RECURSION = YES;
				CLANG_WARN_INT_CONVERSION = YES;
				CLANG_WARN_NON_LITERAL_NULL_CONVERSION = YES;
				CLANG_WARN_OBJC_IMPLICIT_RETAIN_SELF = YES;
				CLANG_WARN_OBJC_LITERAL_CONVERSION = YES;
				CLANG_WARN_OBJC_ROOT_CLASS = YES_ERROR;
				CLANG_WARN_QUOTED_INCLUDE_IN_FRAMEWORK_HEADER = YES;
				CLANG_WARN_RANGE_LOOP_ANALYSIS = YES;
				CLANG_WARN_STRICT_PROTOTYPES = YES;
				CLANG_WARN_SUSPICIOUS_MOVE = YES;
				CLANG_WARN_UNGUARDED_AVAILABILITY = YES_AGGRESSIVE;
				CLANG_WARN_UNREACHABLE_CODE = YES;
				CLANG_WARN__DUPLICATE_METHOD_MATCH = YES;
				COPY_PHASE_STRIP = NO;
				DEBUG_INFORMATION_FORMAT = "dwarf-with-dsym";
				ENABLE_NS_ASSERTIONS = NO;
				ENABLE_STRICT_OBJC_MSGSEND = YES;
				ENABLE_USER_SCRIPT_SANDBOXING = YES;
				GCC_C_LANGUAGE_STANDARD = gnu17;
				GCC_NO_COMMON_BLOCKS = YES;
				GCC_WARN_64_TO_32_BIT_CONVERSION = YES;
				GCC_WARN_ABOUT_RETURN_TYPE = YES_ERROR;
				GCC_WARN_UNDECLARED_SELECTOR = YES;
				GCC_WARN_UNINITIALIZED_AUTOS = YES_AGGRESSIVE;
				GCC_WARN_UNUSED_FUNCTION = YES;
				GCC_WARN_UNUSED_VARIABLE = YES;
				IPHONEOS_DEPLOYMENT_TARGET = 18.1;
				LOCALIZATION_PREFERS_STRING_CATALOGS = YES;
				MTL_ENABLE_DEBUG_INFO = NO;
				MTL_FAST_MATH = YES;
				SDKROOT = iphoneos;
				SWIFT_COMPILATION_MODE = wholemodule;
				VALIDATE_PRODUCT = YES;
			};
			name = Release;
		};
		159A5CFB2D072F090056003D /* Debug */ = {
			isa = XCBuildConfiguration;
			buildSettings = {
				CODE_SIGN_ENTITLEMENTS = SMSFilterExtension/SMSFilterExtension.entitlements;
				CODE_SIGN_STYLE = Automatic;
				CURRENT_PROJECT_VERSION = 1;
				DEVELOPMENT_TEAM = 4D25Z5VW5F;
				GENERATE_INFOPLIST_FILE = YES;
				INFOPLIST_FILE = SMSFilterExtension/Info.plist;
				INFOPLIST_KEY_CFBundleDisplayName = SMSFilterExtension;
				INFOPLIST_KEY_NSHumanReadableCopyright = "";
				LD_RUNPATH_SEARCH_PATHS = (
					"$(inherited)",
					"@executable_path/Frameworks",
					"@executable_path/../../Frameworks",
				);
				MARKETING_VERSION = 1.0;
				PRODUCT_BUNDLE_IDENTIFIER = com.simke.PhishingProtector.SMSFilterExtension;
				PRODUCT_NAME = "$(TARGET_NAME)";
				SKIP_INSTALL = YES;
				SWIFT_EMIT_LOC_STRINGS = YES;
				SWIFT_VERSION = 5.0;
				TARGETED_DEVICE_FAMILY = "1,2";
			};
			name = Debug;
		};
		159A5CFC2D072F090056003D /* Release */ = {
			isa = XCBuildConfiguration;
			buildSettings = {
				CODE_SIGN_ENTITLEMENTS = SMSFilterExtension/SMSFilterExtension.entitlements;
				CODE_SIGN_STYLE = Automatic;
				CURRENT_PROJECT_VERSION = 1;
				DEVELOPMENT_TEAM = 4D25Z5VW5F;
				GENERATE_INFOPLIST_FILE = YES;
				INFOPLIST_FILE = SMSFilterExtension/Info.plist;
				INFOPLIST_KEY_CFBundleDisplayName = SMSFilterExtension;
				INFOPLIST_KEY_NSHumanReadableCopyright = "";
				LD_RUNPATH_SEARCH_PATHS = (
					"$(inherited)",
					"@executable_path/Frameworks",
					"@executable_path/../../Frameworks",
				);
				MARKETING_VERSION = 1.0;
				PRODUCT_BUNDLE_IDENTIFIER = com.simke.PhishingProtector.SMSFilterExtension;
				PRODUCT_NAME = "$(TARGET_NAME)";
				SKIP_INSTALL = YES;
				SWIFT_EMIT_LOC_STRINGS = YES;
				SWIFT_VERSION = 5.0;
				TARGETED_DEVICE_FAMILY = "1,2";
			};
			name = Release;
		};
		15A31F6F2D0C39E700FF911E /* Debug */ = {
			isa = XCBuildConfiguration;
			buildSettings = {
				ARCHS = "$(ARCHS_STANDARD_64_BIT)";
				CODE_SIGN_IDENTITY = "Apple Development";
				CODE_SIGN_STYLE = Automatic;
				CURRENT_PROJECT_VERSION = 1;
				DEVELOPMENT_TEAM = 4D25Z5VW5F;
				GENERATE_INFOPLIST_FILE = YES;
				INFOPLIST_FILE = PseudoBrowser/Info.plist;
				INFOPLIST_KEY_CFBundleDisplayName = PseudoBrowser;
				INFOPLIST_KEY_NSHumanReadableCopyright = "";
				LD_RUNPATH_SEARCH_PATHS = (
					"$(inherited)",
					"@executable_path/Frameworks",
					"@executable_path/../../Frameworks",
				);
				MARKETING_VERSION = 1.0;
				PRODUCT_BUNDLE_IDENTIFIER = com.simke.PhishingProtector.PseudoBrowser;
				PRODUCT_NAME = "$(TARGET_NAME)";
				SKIP_INSTALL = YES;
				SWIFT_EMIT_LOC_STRINGS = YES;
				SWIFT_VERSION = 5.0;
				TARGETED_DEVICE_FAMILY = "1,2";
			};
			name = Debug;
		};
		15A31F702D0C39E700FF911E /* Release */ = {
			isa = XCBuildConfiguration;
			buildSettings = {
				ARCHS = "$(ARCHS_STANDARD_64_BIT)";
				CODE_SIGN_IDENTITY = "Apple Development";
				CODE_SIGN_STYLE = Automatic;
				CURRENT_PROJECT_VERSION = 1;
				DEVELOPMENT_TEAM = 4D25Z5VW5F;
				GENERATE_INFOPLIST_FILE = YES;
				INFOPLIST_FILE = PseudoBrowser/Info.plist;
				INFOPLIST_KEY_CFBundleDisplayName = PseudoBrowser;
				INFOPLIST_KEY_NSHumanReadableCopyright = "";
				LD_RUNPATH_SEARCH_PATHS = (
					"$(inherited)",
					"@executable_path/Frameworks",
					"@executable_path/../../Frameworks",
				);
				MARKETING_VERSION = 1.0;
				PRODUCT_BUNDLE_IDENTIFIER = com.simke.PhishingProtector.PseudoBrowser;
				PRODUCT_NAME = "$(TARGET_NAME)";
				SKIP_INSTALL = YES;
				SWIFT_EMIT_LOC_STRINGS = YES;
				SWIFT_VERSION = 5.0;
				TARGETED_DEVICE_FAMILY = "1,2";
			};
			name = Release;
		};
/* End XCBuildConfiguration section */

/* Begin XCConfigurationList section */
		159A5CD12D072ECA0056003D /* Build configuration list for PBXProject "PhishingProtector" */ = {
			isa = XCConfigurationList;
			buildConfigurations = (
				159A5CEC2D072ECB0056003D /* Debug */,
				159A5CED2D072ECB0056003D /* Release */,
			);
			defaultConfigurationIsVisible = 0;
			defaultConfigurationName = Release;
		};
		159A5CE92D072ECB0056003D /* Build configuration list for PBXNativeTarget "PhishingProtector" */ = {
			isa = XCConfigurationList;
			buildConfigurations = (
				159A5CEA2D072ECB0056003D /* Debug */,
				159A5CEB2D072ECB0056003D /* Release */,
			);
			defaultConfigurationIsVisible = 0;
			defaultConfigurationName = Release;
		};
		159A5CFA2D072F090056003D /* Build configuration list for PBXNativeTarget "SMSFilterExtension" */ = {
			isa = XCConfigurationList;
			buildConfigurations = (
				159A5CFB2D072F090056003D /* Debug */,
				159A5CFC2D072F090056003D /* Release */,
			);
			defaultConfigurationIsVisible = 0;
			defaultConfigurationName = Release;
		};
		15A31F712D0C39E700FF911E /* Build configuration list for PBXNativeTarget "PseudoBrowser" */ = {
			isa = XCConfigurationList;
			buildConfigurations = (
				15A31F6F2D0C39E700FF911E /* Debug */,
				15A31F702D0C39E700FF911E /* Release */,
			);
			defaultConfigurationIsVisible = 0;
			defaultConfigurationName = Release;
		};
/* End XCConfigurationList section */
	};
	rootObject = 159A5CCE2D072ECA0056003D /* Project object */;
}
